// !$*UTF8*$!
{
	archiveVersion = 1;
	classes = {
	};
	objectVersion = 50;
	objects = {

/* Begin PBXBuildFile section */
		8E30220C21AE9EEF0057606F /* AppDelegate.swift in Sources */ = {isa = PBXBuildFile; fileRef = 8E30220B21AE9EEF0057606F /* AppDelegate.swift */; };
		8E30220E21AE9EEF0057606F /* ViewController.swift in Sources */ = {isa = PBXBuildFile; fileRef = 8E30220D21AE9EEF0057606F /* ViewController.swift */; };
		8E30221121AE9EEF0057606F /* Main.storyboard in Resources */ = {isa = PBXBuildFile; fileRef = 8E30220F21AE9EEF0057606F /* Main.storyboard */; };
		8E30221321AE9EF20057606F /* Assets.xcassets in Resources */ = {isa = PBXBuildFile; fileRef = 8E30221221AE9EF20057606F /* Assets.xcassets */; };
		8E30221621AE9EF20057606F /* LaunchScreen.storyboard in Resources */ = {isa = PBXBuildFile; fileRef = 8E30221421AE9EF20057606F /* LaunchScreen.storyboard */; };
		8E30222121AE9EF20057606F /* TestHerokuSetupAppTests.swift in Sources */ = {isa = PBXBuildFile; fileRef = 8E30222021AE9EF20057606F /* TestHerokuSetupAppTests.swift */; };
		8E30222C21AE9EF20057606F /* TestHerokuSetupAppUITests.swift in Sources */ = {isa = PBXBuildFile; fileRef = 8E30222B21AE9EF20057606F /* TestHerokuSetupAppUITests.swift */; };
/* End PBXBuildFile section */

/* Begin PBXContainerItemProxy section */
		8E30221D21AE9EF20057606F /* PBXContainerItemProxy */ = {
			isa = PBXContainerItemProxy;
			containerPortal = 8E30220021AE9EEF0057606F /* Project object */;
			proxyType = 1;
			remoteGlobalIDString = 8E30220721AE9EEF0057606F;
			remoteInfo = TestHerokuSetupApp;
		};
		8E30222821AE9EF20057606F /* PBXContainerItemProxy */ = {
			isa = PBXContainerItemProxy;
			containerPortal = 8E30220021AE9EEF0057606F /* Project object */;
			proxyType = 1;
			remoteGlobalIDString = 8E30220721AE9EEF0057606F;
			remoteInfo = TestHerokuSetupApp;
		};
/* End PBXContainerItemProxy section */

/* Begin PBXFileReference section */
		8E30220821AE9EEF0057606F /* TestHerokuSetupApp.app */ = {isa = PBXFileReference; explicitFileType = wrapper.application; includeInIndex = 0; path = TestHerokuSetupApp.app; sourceTree = BUILT_PRODUCTS_DIR; };
		8E30220B21AE9EEF0057606F /* AppDelegate.swift */ = {isa = PBXFileReference; lastKnownFileType = sourcecode.swift; path = AppDelegate.swift; sourceTree = "<group>"; };
		8E30220D21AE9EEF0057606F /* ViewController.swift */ = {isa = PBXFileReference; lastKnownFileType = sourcecode.swift; path = ViewController.swift; sourceTree = "<group>"; };
		8E30221021AE9EEF0057606F /* Base */ = {isa = PBXFileReference; lastKnownFileType = file.storyboard; name = Base; path = Base.lproj/Main.storyboard; sourceTree = "<group>"; };
		8E30221221AE9EF20057606F /* Assets.xcassets */ = {isa = PBXFileReference; lastKnownFileType = folder.assetcatalog; path = Assets.xcassets; sourceTree = "<group>"; };
		8E30221521AE9EF20057606F /* Base */ = {isa = PBXFileReference; lastKnownFileType = file.storyboard; name = Base; path = Base.lproj/LaunchScreen.storyboard; sourceTree = "<group>"; };
		8E30221721AE9EF20057606F /* Info.plist */ = {isa = PBXFileReference; lastKnownFileType = text.plist.xml; path = Info.plist; sourceTree = "<group>"; };
		8E30221C21AE9EF20057606F /* TestHerokuSetupAppTests.xctest */ = {isa = PBXFileReference; explicitFileType = wrapper.cfbundle; includeInIndex = 0; path = TestHerokuSetupAppTests.xctest; sourceTree = BUILT_PRODUCTS_DIR; };
		8E30222021AE9EF20057606F /* TestHerokuSetupAppTests.swift */ = {isa = PBXFileReference; lastKnownFileType = sourcecode.swift; path = TestHerokuSetupAppTests.swift; sourceTree = "<group>"; };
		8E30222221AE9EF20057606F /* Info.plist */ = {isa = PBXFileReference; lastKnownFileType = text.plist.xml; path = Info.plist; sourceTree = "<group>"; };
		8E30222721AE9EF20057606F /* TestHerokuSetupAppUITests.xctest */ = {isa = PBXFileReference; explicitFileType = wrapper.cfbundle; includeInIndex = 0; path = TestHerokuSetupAppUITests.xctest; sourceTree = BUILT_PRODUCTS_DIR; };
		8E30222B21AE9EF20057606F /* TestHerokuSetupAppUITests.swift */ = {isa = PBXFileReference; lastKnownFileType = sourcecode.swift; path = TestHerokuSetupAppUITests.swift; sourceTree = "<group>"; };
		8E30222D21AE9EF20057606F /* Info.plist */ = {isa = PBXFileReference; lastKnownFileType = text.plist.xml; path = Info.plist; sourceTree = "<group>"; };
/* End PBXFileReference section */

/* Begin PBXFrameworksBuildPhase section */
		8E30220521AE9EEF0057606F /* Frameworks */ = {
			isa = PBXFrameworksBuildPhase;
			buildActionMask = 2147483647;
			files = (
			);
			runOnlyForDeploymentPostprocessing = 0;
		};
		8E30221921AE9EF20057606F /* Frameworks */ = {
			isa = PBXFrameworksBuildPhase;
			buildActionMask = 2147483647;
			files = (
			);
			runOnlyForDeploymentPostprocessing = 0;
		};
		8E30222421AE9EF20057606F /* Frameworks */ = {
			isa = PBXFrameworksBuildPhase;
			buildActionMask = 2147483647;
			files = (
			);
			runOnlyForDeploymentPostprocessing = 0;
		};
/* End PBXFrameworksBuildPhase section */

/* Begin PBXGroup section */
		8E3021FF21AE9EEF0057606F = {
			isa = PBXGroup;
			children = (
				8E30220A21AE9EEF0057606F /* TestHerokuSetupApp */,
				8E30221F21AE9EF20057606F /* TestHerokuSetupAppTests */,
				8E30222A21AE9EF20057606F /* TestHerokuSetupAppUITests */,
				8E30220921AE9EEF0057606F /* Products */,
			);
			sourceTree = "<group>";
		};
		8E30220921AE9EEF0057606F /* Products */ = {
			isa = PBXGroup;
			children = (
				8E30220821AE9EEF0057606F /* TestHerokuSetupApp.app */,
				8E30221C21AE9EF20057606F /* TestHerokuSetupAppTests.xctest */,
				8E30222721AE9EF20057606F /* TestHerokuSetupAppUITests.xctest */,
			);
			name = Products;
			sourceTree = "<group>";
		};
		8E30220A21AE9EEF0057606F /* TestHerokuSetupApp */ = {
			isa = PBXGroup;
			children = (
				8E30220B21AE9EEF0057606F /* AppDelegate.swift */,
				8E30220D21AE9EEF0057606F /* ViewController.swift */,
				8E30220F21AE9EEF0057606F /* Main.storyboard */,
				8E30221221AE9EF20057606F /* Assets.xcassets */,
				8E30221421AE9EF20057606F /* LaunchScreen.storyboard */,
				8E30221721AE9EF20057606F /* Info.plist */,
			);
			path = TestHerokuSetupApp;
			sourceTree = "<group>";
		};
		8E30221F21AE9EF20057606F /* TestHerokuSetupAppTests */ = {
			isa = PBXGroup;
			children = (
				8E30222021AE9EF20057606F /* TestHerokuSetupAppTests.swift */,
				8E30222221AE9EF20057606F /* Info.plist */,
			);
			path = TestHerokuSetupAppTests;
			sourceTree = "<group>";
		};
		8E30222A21AE9EF20057606F /* TestHerokuSetupAppUITests */ = {
			isa = PBXGroup;
			children = (
				8E30222B21AE9EF20057606F /* TestHerokuSetupAppUITests.swift */,
				8E30222D21AE9EF20057606F /* Info.plist */,
			);
			path = TestHerokuSetupAppUITests;
			sourceTree = "<group>";
		};
/* End PBXGroup section */

/* Begin PBXNativeTarget section */
		8E30220721AE9EEF0057606F /* TestHerokuSetupApp */ = {
			isa = PBXNativeTarget;
			buildConfigurationList = 8E30223021AE9EF20057606F /* Build configuration list for PBXNativeTarget "TestHerokuSetupApp" */;
			buildPhases = (
				8E30220421AE9EEF0057606F /* Sources */,
				8E30220521AE9EEF0057606F /* Frameworks */,
				8E30220621AE9EEF0057606F /* Resources */,
			);
			buildRules = (
			);
			dependencies = (
			);
			name = TestHerokuSetupApp;
			productName = TestHerokuSetupApp;
			productReference = 8E30220821AE9EEF0057606F /* TestHerokuSetupApp.app */;
			productType = "com.apple.product-type.application";
		};
		8E30221B21AE9EF20057606F /* TestHerokuSetupAppTests */ = {
			isa = PBXNativeTarget;
			buildConfigurationList = 8E30223321AE9EF20057606F /* Build configuration list for PBXNativeTarget "TestHerokuSetupAppTests" */;
			buildPhases = (
				8E30221821AE9EF20057606F /* Sources */,
				8E30221921AE9EF20057606F /* Frameworks */,
				8E30221A21AE9EF20057606F /* Resources */,
			);
			buildRules = (
			);
			dependencies = (
				8E30221E21AE9EF20057606F /* PBXTargetDependency */,
			);
			name = TestHerokuSetupAppTests;
			productName = TestHerokuSetupAppTests;
			productReference = 8E30221C21AE9EF20057606F /* TestHerokuSetupAppTests.xctest */;
			productType = "com.apple.product-type.bundle.unit-test";
		};
		8E30222621AE9EF20057606F /* TestHerokuSetupAppUITests */ = {
			isa = PBXNativeTarget;
			buildConfigurationList = 8E30223621AE9EF20057606F /* Build configuration list for PBXNativeTarget "TestHerokuSetupAppUITests" */;
			buildPhases = (
				8E30222321AE9EF20057606F /* Sources */,
				8E30222421AE9EF20057606F /* Frameworks */,
				8E30222521AE9EF20057606F /* Resources */,
			);
			buildRules = (
			);
			dependencies = (
				8E30222921AE9EF20057606F /* PBXTargetDependency */,
			);
			name = TestHerokuSetupAppUITests;
			productName = TestHerokuSetupAppUITests;
			productReference = 8E30222721AE9EF20057606F /* TestHerokuSetupAppUITests.xctest */;
			productType = "com.apple.product-type.bundle.ui-testing";
		};
/* End PBXNativeTarget section */

/* Begin PBXProject section */
		8E30220021AE9EEF0057606F /* Project object */ = {
			isa = PBXProject;
			attributes = {
				LastSwiftUpdateCheck = 1000;
				LastUpgradeCheck = 1000;
				ORGANIZATIONNAME = PTG;
				TargetAttributes = {
					8E30220721AE9EEF0057606F = {
						CreatedOnToolsVersion = 10.0;
					};
					8E30221B21AE9EF20057606F = {
						CreatedOnToolsVersion = 10.0;
						TestTargetID = 8E30220721AE9EEF0057606F;
					};
					8E30222621AE9EF20057606F = {
						CreatedOnToolsVersion = 10.0;
						TestTargetID = 8E30220721AE9EEF0057606F;
					};
				};
			};
			buildConfigurationList = 8E30220321AE9EEF0057606F /* Build configuration list for PBXProject "TestHerokuSetupApp" */;
			compatibilityVersion = "Xcode 9.3";
			developmentRegion = en;
			hasScannedForEncodings = 0;
			knownRegions = (
				en,
				Base,
			);
			mainGroup = 8E3021FF21AE9EEF0057606F;
			productRefGroup = 8E30220921AE9EEF0057606F /* Products */;
			projectDirPath = "";
			projectRoot = "";
			targets = (
				8E30220721AE9EEF0057606F /* TestHerokuSetupApp */,
				8E30221B21AE9EF20057606F /* TestHerokuSetupAppTests */,
				8E30222621AE9EF20057606F /* TestHerokuSetupAppUITests */,
			);
		};
/* End PBXProject section */

/* Begin PBXResourcesBuildPhase section */
		8E30220621AE9EEF0057606F /* Resources */ = {
			isa = PBXResourcesBuildPhase;
			buildActionMask = 2147483647;
			files = (
				8E30221621AE9EF20057606F /* LaunchScreen.storyboard in Resources */,
				8E30221321AE9EF20057606F /* Assets.xcassets in Resources */,
				8E30221121AE9EEF0057606F /* Main.storyboard in Resources */,
			);
			runOnlyForDeploymentPostprocessing = 0;
		};
		8E30221A21AE9EF20057606F /* Resources */ = {
			isa = PBXResourcesBuildPhase;
			buildActionMask = 2147483647;
			files = (
			);
			runOnlyForDeploymentPostprocessing = 0;
		};
		8E30222521AE9EF20057606F /* Resources */ = {
			isa = PBXResourcesBuildPhase;
			buildActionMask = 2147483647;
			files = (
			);
			runOnlyForDeploymentPostprocessing = 0;
		};
/* End PBXResourcesBuildPhase section */

/* Begin PBXSourcesBuildPhase section */
		8E30220421AE9EEF0057606F /* Sources */ = {
			isa = PBXSourcesBuildPhase;
			buildActionMask = 2147483647;
			files = (
				8E30220E21AE9EEF0057606F /* ViewController.swift in Sources */,
				8E30220C21AE9EEF0057606F /* AppDelegate.swift in Sources */,
			);
			runOnlyForDeploymentPostprocessing = 0;
		};
		8E30221821AE9EF20057606F /* Sources */ = {
			isa = PBXSourcesBuildPhase;
			buildActionMask = 2147483647;
			files = (
				8E30222121AE9EF20057606F /* TestHerokuSetupAppTests.swift in Sources */,
			);
			runOnlyForDeploymentPostprocessing = 0;
		};
		8E30222321AE9EF20057606F /* Sources */ = {
			isa = PBXSourcesBuildPhase;
			buildActionMask = 2147483647;
			files = (
				8E30222C21AE9EF20057606F /* TestHerokuSetupAppUITests.swift in Sources */,
			);
			runOnlyForDeploymentPostprocessing = 0;
		};
/* End PBXSourcesBuildPhase section */

/* Begin PBXTargetDependency section */
		8E30221E21AE9EF20057606F /* PBXTargetDependency */ = {
			isa = PBXTargetDependency;
			target = 8E30220721AE9EEF0057606F /* TestHerokuSetupApp */;
			targetProxy = 8E30221D21AE9EF20057606F /* PBXContainerItemProxy */;
		};
		8E30222921AE9EF20057606F /* PBXTargetDependency */ = {
			isa = PBXTargetDependency;
			target = 8E30220721AE9EEF0057606F /* TestHerokuSetupApp */;
			targetProxy = 8E30222821AE9EF20057606F /* PBXContainerItemProxy */;
		};
/* End PBXTargetDependency section */

/* Begin PBXVariantGroup section */
		8E30220F21AE9EEF0057606F /* Main.storyboard */ = {
			isa = PBXVariantGroup;
			children = (
				8E30221021AE9EEF0057606F /* Base */,
			);
			name = Main.storyboard;
			sourceTree = "<group>";
		};
		8E30221421AE9EF20057606F /* LaunchScreen.storyboard */ = {
			isa = PBXVariantGroup;
			children = (
				8E30221521AE9EF20057606F /* Base */,
			);
			name = LaunchScreen.storyboard;
			sourceTree = "<group>";
		};
/* End PBXVariantGroup section */

/* Begin XCBuildConfiguration section */
		8E30222E21AE9EF20057606F /* Debug */ = {
			isa = XCBuildConfiguration;
			buildSettings = {
				ALWAYS_SEARCH_USER_PATHS = NO;
				CLANG_ANALYZER_NONNULL = YES;
				CLANG_ANALYZER_NUMBER_OBJECT_CONVERSION = YES_AGGRESSIVE;
				CLANG_CXX_LANGUAGE_STANDARD = "gnu++14";
				CLANG_CXX_LIBRARY = "libc++";
				CLANG_ENABLE_MODULES = YES;
				CLANG_ENABLE_OBJC_ARC = YES;
				CLANG_ENABLE_OBJC_WEAK = YES;
				CLANG_WARN_BLOCK_CAPTURE_AUTORELEASING = YES;
				CLANG_WARN_BOOL_CONVERSION = YES;
				CLANG_WARN_COMMA = YES;
				CLANG_WARN_CONSTANT_CONVERSION = YES;
				CLANG_WARN_DEPRECATED_OBJC_IMPLEMENTATIONS = YES;
				CLANG_WARN_DIRECT_OBJC_ISA_USAGE = YES_ERROR;
				CLANG_WARN_DOCUMENTATION_COMMENTS = YES;
				CLANG_WARN_EMPTY_BODY = YES;
				CLANG_WARN_ENUM_CONVERSION = YES;
				CLANG_WARN_INFINITE_RECURSION = YES;
				CLANG_WARN_INT_CONVERSION = YES;
				CLANG_WARN_NON_LITERAL_NULL_CONVERSION = YES;
				CLANG_WARN_OBJC_IMPLICIT_RETAIN_SELF = YES;
				CLANG_WARN_OBJC_LITERAL_CONVERSION = YES;
				CLANG_WARN_OBJC_ROOT_CLASS = YES_ERROR;
				CLANG_WARN_RANGE_LOOP_ANALYSIS = YES;
				CLANG_WARN_STRICT_PROTOTYPES = YES;
				CLANG_WARN_SUSPICIOUS_MOVE = YES;
				CLANG_WARN_UNGUARDED_AVAILABILITY = YES_AGGRESSIVE;
				CLANG_WARN_UNREACHABLE_CODE = YES;
				CLANG_WARN__DUPLICATE_METHOD_MATCH = YES;
				CODE_SIGN_IDENTITY = "iPhone Developer";
				COPY_PHASE_STRIP = NO;
				DEBUG_INFORMATION_FORMAT = dwarf;
				ENABLE_STRICT_OBJC_MSGSEND = YES;
				ENABLE_TESTABILITY = YES;
				GCC_C_LANGUAGE_STANDARD = gnu11;
				GCC_DYNAMIC_NO_PIC = NO;
				GCC_NO_COMMON_BLOCKS = YES;
				GCC_OPTIMIZATION_LEVEL = 0;
				GCC_PREPROCESSOR_DEFINITIONS = (
					"DEBUG=1",
					"$(inherited)",
				);
				GCC_WARN_64_TO_32_BIT_CONVERSION = YES;
				GCC_WARN_ABOUT_RETURN_TYPE = YES_ERROR;
				GCC_WARN_UNDECLARED_SELECTOR = YES;
				GCC_WARN_UNINITIALIZED_AUTOS = YES_AGGRESSIVE;
				GCC_WARN_UNUSED_FUNCTION = YES;
				GCC_WARN_UNUSED_VARIABLE = YES;
				IPHONEOS_DEPLOYMENT_TARGET = 12.0;
				MTL_ENABLE_DEBUG_INFO = INCLUDE_SOURCE;
				MTL_FAST_MATH = YES;
				ONLY_ACTIVE_ARCH = YES;
				SDKROOT = iphoneos;
				SWIFT_ACTIVE_COMPILATION_CONDITIONS = DEBUG;
				SWIFT_OPTIMIZATION_LEVEL = "-Onone";
			};
			name = Debug;
		};
		8E30222F21AE9EF20057606F /* Release */ = {
			isa = XCBuildConfiguration;
			buildSettings = {
				ALWAYS_SEARCH_USER_PATHS = NO;
				CLANG_ANALYZER_NONNULL = YES;
				CLANG_ANALYZER_NUMBER_OBJECT_CONVERSION = YES_AGGRESSIVE;
				CLANG_CXX_LANGUAGE_STANDARD = "gnu++14";
				CLANG_CXX_LIBRARY = "libc++";
				CLANG_ENABLE_MODULES = YES;
				CLANG_ENABLE_OBJC_ARC = YES;
				CLANG_ENABLE_OBJC_WEAK = YES;
				CLANG_WARN_BLOCK_CAPTURE_AUTORELEASING = YES;
				CLANG_WARN_BOOL_CONVERSION = YES;
				CLANG_WARN_COMMA = YES;
				CLANG_WARN_CONSTANT_CONVERSION = YES;
				CLANG_WARN_DEPRECATED_OBJC_IMPLEMENTATIONS = YES;
				CLANG_WARN_DIRECT_OBJC_ISA_USAGE = YES_ERROR;
				CLANG_WARN_DOCUMENTATION_COMMENTS = YES;
				CLANG_WARN_EMPTY_BODY = YES;
				CLANG_WARN_ENUM_CONVERSION = YES;
				CLANG_WARN_INFINITE_RECURSION = YES;
				CLANG_WARN_INT_CONVERSION = YES;
				CLANG_WARN_NON_LITERAL_NULL_CONVERSION = YES;
				CLANG_WARN_OBJC_IMPLICIT_RETAIN_SELF = YES;
				CLANG_WARN_OBJC_LITERAL_CONVERSION = YES;
				CLANG_WARN_OBJC_ROOT_CLASS = YES_ERROR;
				CLANG_WARN_RANGE_LOOP_ANALYSIS = YES;
				CLANG_WARN_STRICT_PROTOTYPES = YES;
				CLANG_WARN_SUSPICIOUS_MOVE = YES;
				CLANG_WARN_UNGUARDED_AVAILABILITY = YES_AGGRESSIVE;
				CLANG_WARN_UNREACHABLE_CODE = YES;
				CLANG_WARN__DUPLICATE_METHOD_MATCH = YES;
				CODE_SIGN_IDENTITY = "iPhone Developer";
				COPY_PHASE_STRIP = NO;
				DEBUG_INFORMATION_FORMAT = "dwarf-with-dsym";
				ENABLE_NS_ASSERTIONS = NO;
				ENABLE_STRICT_OBJC_MSGSEND = YES;
				GCC_C_LANGUAGE_STANDARD = gnu11;
				GCC_NO_COMMON_BLOCKS = YES;
				GCC_WARN_64_TO_32_BIT_CONVERSION = YES;
				GCC_WARN_ABOUT_RETURN_TYPE = YES_ERROR;
				GCC_WARN_UNDECLARED_SELECTOR = YES;
				GCC_WARN_UNINITIALIZED_AUTOS = YES_AGGRESSIVE;
				GCC_WARN_UNUSED_FUNCTION = YES;
				GCC_WARN_UNUSED_VARIABLE = YES;
				IPHONEOS_DEPLOYMENT_TARGET = 12.0;
				MTL_ENABLE_DEBUG_INFO = NO;
				MTL_FAST_MATH = YES;
				SDKROOT = iphoneos;
				SWIFT_COMPILATION_MODE = wholemodule;
				SWIFT_OPTIMIZATION_LEVEL = "-O";
				VALIDATE_PRODUCT = YES;
			};
			name = Release;
		};
		8E30223121AE9EF20057606F /* Debug */ = {
			isa = XCBuildConfiguration;
			buildSettings = {
				ASSETCATALOG_COMPILER_APPICON_NAME = AppIcon;
				CODE_SIGN_STYLE = Automatic;
				INFOPLIST_FILE = TestHerokuSetupApp/Info.plist;
				LD_RUNPATH_SEARCH_PATHS = (
					"$(inherited)",
					"@executable_path/Frameworks",
				);
				PRODUCT_BUNDLE_IDENTIFIER = com.ptg.TestHerokuSetupApp;
				PRODUCT_NAME = "$(TARGET_NAME)";
				SWIFT_VERSION = 4.2;
				TARGETED_DEVICE_FAMILY = "1,2";
			};
			name = Debug;
		};
		8E30223221AE9EF20057606F /* Release */ = {
			isa = XCBuildConfiguration;
			buildSettings = {
				ASSETCATALOG_COMPILER_APPICON_NAME = AppIcon;
				CODE_SIGN_STYLE = Automatic;
				INFOPLIST_FILE = TestHerokuSetupApp/Info.plist;
				LD_RUNPATH_SEARCH_PATHS = (
					"$(inherited)",
					"@executable_path/Frameworks",
				);
				PRODUCT_BUNDLE_IDENTIFIER = com.ptg.TestHerokuSetupApp;
				PRODUCT_NAME = "$(TARGET_NAME)";
				SWIFT_VERSION = 4.2;
				TARGETED_DEVICE_FAMILY = "1,2";
			};
			name = Release;
		};
		8E30223421AE9EF20057606F /* Debug */ = {
			isa = XCBuildConfiguration;
			buildSettings = {
				ALWAYS_EMBED_SWIFT_STANDARD_LIBRARIES = YES;
				BUNDLE_LOADER = "$(TEST_HOST)";
				CODE_SIGN_STYLE = Automatic;
				INFOPLIST_FILE = TestHerokuSetupAppTests/Info.plist;
				LD_RUNPATH_SEARCH_PATHS = (
					"$(inherited)",
					"@executable_path/Frameworks",
					"@loader_path/Frameworks",
				);
				PRODUCT_BUNDLE_IDENTIFIER = com.ptg.TestHerokuSetupAppTests;
				PRODUCT_NAME = "$(TARGET_NAME)";
				SWIFT_VERSION = 4.2;
				TARGETED_DEVICE_FAMILY = "1,2";
				TEST_HOST = "$(BUILT_PRODUCTS_DIR)/TestHerokuSetupApp.app/TestHerokuSetupApp";
			};
			name = Debug;
		};
		8E30223521AE9EF20057606F /* Release */ = {
			isa = XCBuildConfiguration;
			buildSettings = {
				ALWAYS_EMBED_SWIFT_STANDARD_LIBRARIES = YES;
				BUNDLE_LOADER = "$(TEST_HOST)";
				CODE_SIGN_STYLE = Automatic;
				INFOPLIST_FILE = TestHerokuSetupAppTests/Info.plist;
				LD_RUNPATH_SEARCH_PATHS = (
					"$(inherited)",
					"@executable_path/Frameworks",
					"@loader_path/Frameworks",
				);
				PRODUCT_BUNDLE_IDENTIFIER = com.ptg.TestHerokuSetupAppTests;
				PRODUCT_NAME = "$(TARGET_NAME)";
				SWIFT_VERSION = 4.2;
				TARGETED_DEVICE_FAMILY = "1,2";
				TEST_HOST = "$(BUILT_PRODUCTS_DIR)/TestHerokuSetupApp.app/TestHerokuSetupApp";
			};
			name = Release;
		};
		8E30223721AE9EF20057606F /* Debug */ = {
			isa = XCBuildConfiguration;
			buildSettings = {
				ALWAYS_EMBED_SWIFT_STANDARD_LIBRARIES = YES;
				CODE_SIGN_STYLE = Automatic;
				INFOPLIST_FILE = TestHerokuSetupAppUITests/Info.plist;
				LD_RUNPATH_SEARCH_PATHS = (
					"$(inherited)",
					"@executable_path/Frameworks",
					"@loader_path/Frameworks",
				);
				PRODUCT_BUNDLE_IDENTIFIER = com.ptg.TestHerokuSetupAppUITests;
				PRODUCT_NAME = "$(TARGET_NAME)";
				SWIFT_VERSION = 4.2;
				TARGETED_DEVICE_FAMILY = "1,2";
				TEST_TARGET_NAME = TestHerokuSetupApp;
			};
			name = Debug;
		};
		8E30223821AE9EF20057606F /* Release */ = {
			isa = XCBuildConfiguration;
			buildSettings = {
				ALWAYS_EMBED_SWIFT_STANDARD_LIBRARIES = YES;
				CODE_SIGN_STYLE = Automatic;
				INFOPLIST_FILE = TestHerokuSetupAppUITests/Info.plist;
				LD_RUNPATH_SEARCH_PATHS = (
					"$(inherited)",
					"@executable_path/Frameworks",
					"@loader_path/Frameworks",
				);
				PRODUCT_BUNDLE_IDENTIFIER = com.ptg.TestHerokuSetupAppUITests;
				PRODUCT_NAME = "$(TARGET_NAME)";
				SWIFT_VERSION = 4.2;
				TARGETED_DEVICE_FAMILY = "1,2";
				TEST_TARGET_NAME = TestHerokuSetupApp;
			};
			name = Release;
		};
/* End XCBuildConfiguration section */

/* Begin XCConfigurationList section */
		8E30220321AE9EEF0057606F /* Build configuration list for PBXProject "TestHerokuSetupApp" */ = {
			isa = XCConfigurationList;
			buildConfigurations = (
				8E30222E21AE9EF20057606F /* Debug */,
				8E30222F21AE9EF20057606F /* Release */,
			);
			defaultConfigurationIsVisible = 0;
			defaultConfigurationName = Release;
		};
		8E30223021AE9EF20057606F /* Build configuration list for PBXNativeTarget "TestHerokuSetupApp" */ = {
			isa = XCConfigurationList;
			buildConfigurations = (
				8E30223121AE9EF20057606F /* Debug */,
				8E30223221AE9EF20057606F /* Release */,
			);
			defaultConfigurationIsVisible = 0;
			defaultConfigurationName = Release;
		};
		8E30223321AE9EF20057606F /* Build configuration list for PBXNativeTarget "TestHerokuSetupAppTests" */ = {
			isa = XCConfigurationList;
			buildConfigurations = (
				8E30223421AE9EF20057606F /* Debug */,
				8E30223521AE9EF20057606F /* Release */,
			);
			defaultConfigurationIsVisible = 0;
			defaultConfigurationName = Release;
		};
		8E30223621AE9EF20057606F /* Build configuration list for PBXNativeTarget "TestHerokuSetupAppUITests" */ = {
			isa = XCConfigurationList;
			buildConfigurations = (
				8E30223721AE9EF20057606F /* Debug */,
				8E30223821AE9EF20057606F /* Release */,
			);
			defaultConfigurationIsVisible = 0;
			defaultConfigurationName = Release;
		};
/* End XCConfigurationList section */
	};
	rootObject = 8E30220021AE9EEF0057606F /* Project object */;
}
